
Microsoft Visual Studio Solution File, Format Version 12.00
# Visual Studio Version 17
VisualStudioVersion = 17.4.33213.308
MinimumVisualStudioVersion = 10.0.40219.1
Project("{FAE04EC0-301F-11D3-BF4B-00C04F79EFBC}") = "FileDirOpdracht", "FileDirOpdracht\FileDirOpdracht.csproj", "{7193A6B5-E8C3-4414-8780-F278FB1058CD}"
EndProject
Global
	GlobalSection(SolutionConfigurationPlatforms) = preSolution
		Debug|Any CPU = Debug|Any CPU
		Release|Any CPU = Release|Any CPU
	EndGlobalSection
	GlobalSection(ProjectConfigurationPlatforms) = postSolution
		{7193A6B5-E8C3-4414-8780-F278FB1058CD}.Debug|Any CPU.ActiveCfg = Debug|Any CPU
		{7193A6B5-E8C3-4414-8780-F278FB1058CD}.Debug|Any CPU.Build.0 = Debug|Any CPU
		{7193A6B5-E8C3-4414-8780-F278FB1058CD}.Release|Any CPU.ActiveCfg = Release|Any CPU
		{7193A6B5-E8C3-4414-8780-F278FB1058CD}.Release|Any CPU.Build.0 = Release|Any CPU
	EndGlobalSection
	GlobalSection(SolutionProperties) = preSolution
		HideSolutionNode = FALSE
	EndGlobalSection
	GlobalSection(ExtensibilityGlobals) = postSolution
		SolutionGuid = {48323E23-CD3B-4980-8383-27706A3712E5}
	EndGlobalSection
EndGlobal
